{
    "_readme": [
        "This file locks the dependencies of your project to a known state",
        "Read more about it at https://getcomposer.org/doc/01-basic-usage.md#installing-dependencies",
        "This file is @generated automatically"
    ],
    "content-hash": "03c4e036319b4990d89868983ca3cbb8",
    "packages": [
        {
            "name": "coding-libs/zkteco-php",
            "version": "v0.0.35",
            "source": {
                "type": "git",
                "url": "https://github.com/coding-libs/zkteco-php.git",
                "reference": "52e177c5a6ec7ff0d35764ee750b7a885c4610a6"
            },
            "dist": {
                "type": "zip",
                "url": "https://api.github.com/repos/coding-libs/zkteco-php/zipball/52e177c5a6ec7ff0d35764ee750b7a885c4610a6",
                "reference": "52e177c5a6ec7ff0d35764ee750b7a885c4610a6",
                "shasum": ""
            },
            "require": {
                "php": "^8.0"
            },
            "require-dev": {
                "phpunit/phpunit": "^8.0|^9.3|^10.4"
            },
            "type": "library",
            "extra": {
                "laravel": {
                    "providers": [
                        "CodingLibs\\ZktecoPhp\\ZktecoPhpServiceProvider"
                    ]
                },
                "branch-alias": {
                    "dev-master": "1.x-dev"
                }
            },
            "autoload": {
                "psr-4": {
                    "CodingLibs\\ZktecoPhp\\": "src/"
                }
            },
            "notification-url": "https://packagist.org/downloads/",
            "license": [
                "MIT"
            ],
            "authors": [
                {
                    "name": "Coding Libs",
                    "email": "codinglibs4u@gmail.com"
                }
            ],
            "description": "A package for managing ZKTeco device.",
            "homepage": "https://github.com/coding-libs",
            "keywords": [
                "Fingerprint",
                "attendances",
                "laravel",
                "zkteco"
            ],
            "support": {
                "issues": "https://github.com/coding-libs/zkteco-php/issues",
                "source": "https://github.com/coding-libs/zkteco-php"
            },
            "time": "2026-05-05T05:09:40+00:00"
        },
        {
            "name": "rats/zkteco",
            "version": "V002",
            "source": {
                "type": "git",
                "url": "https://github.com/raihanafroz/zkteco.git",
                "reference": "6e17024370ec56c89d87c85a54a1c55079304834"
            },
            "dist": {
                "type": "zip",
                "url": "https://api.github.com/repos/raihanafroz/zkteco/zipball/6e17024370ec56c89d87c85a54a1c55079304834",
                "reference": "6e17024370ec56c89d87c85a54a1c55079304834",
                "shasum": ""
            },
            "type": "library",
            "autoload": {
                "psr-4": {
                    "Rats\\Zkteco\\": "src"
                }
            },
            "notification-url": "https://packagist.org/downloads/",
            "license": [
                "MIT"
            ],
            "authors": [
                {
                    "name": "Raihan Afroz",
                    "email": "raihanafroz9@gmail.com"
                }
            ],
            "description": "ZKTeco Laravel Library",
            "support": {
                "issues": "https://github.com/raihanafroz/zkteco/issues",
                "source": "https://github.com/raihanafroz/zkteco/tree/V002"
            },
            "time": "2021-11-21T17:53:28+00:00"
        }
    ],
    "packages-dev": [],
    "aliases": [],
    "minimum-stability": "stable",
    "stability-flags": {},
    "prefer-stable": false,
    "prefer-lowest": false,
    "platform": {},
    "platform-dev": {},
    "plugin-api-version": "2.9.0"
}
